
Microsoft Visual Studio Solution File, Format Version 12.00
# Visual Studio Version 17
VisualStudioVersion = 17.8.34511.84
MinimumVisualStudioVersion = 10.0.40219.1
Project("{FAE04EC0-301F-11D3-BF4B-00C04F79EFBC}") = "DevFolio", "DevFolio\DevFolio.csproj", "{D472A910-B960-460E-8BDD-C14C6DF05819}"
EndProject
Global
	GlobalSection(SolutionConfigurationPlatforms) = preSolution
		Debug|Any CPU = Debug|Any CPU
		Release|Any CPU = Release|Any CPU
	EndGlobalSection
	GlobalSection(ProjectConfigurationPlatforms) = postSolution
		{D472A910-B960-460E-8BDD-C14C6DF05819}.Debug|Any CPU.ActiveCfg = Debug|Any CPU
		{D472A910-B960-460E-8BDD-C14C6DF05819}.Debug|Any CPU.Build.0 = Debug|Any CPU
		{D472A910-B960-460E-8BDD-C14C6DF05819}.Release|Any CPU.ActiveCfg = Release|Any CPU
		{D472A910-B960-460E-8BDD-C14C6DF05819}.Release|Any CPU.Build.0 = Release|Any CPU
	EndGlobalSection
	GlobalSection(SolutionProperties) = preSolution
		HideSolutionNode = FALSE
	EndGlobalSection
	GlobalSection(ExtensibilityGlobals) = postSolution
		SolutionGuid = {3544F9F3-4F30-499B-B33F-E46F142649D7}
	EndGlobalSection
EndGlobal
